
Microsoft Visual Studio Solution File, Format Version 12.00
# Visual Studio 15
VisualStudioVersion = 15.0.28307.329
MinimumVisualStudioVersion = 10.0.40219.1
Project("{159641D6-6404-4A2A-AE62-294DE0FE8301}") = "lab2zad", "lab2zad\lab2zad.dtproj", "{41B8713C-F80E-4F2F-BA61-A422DB5A536C}"
EndProject
Global
	GlobalSection(SolutionConfigurationPlatforms) = preSolution
		Development|Default = Development|Default
	EndGlobalSection
	GlobalSection(ProjectConfigurationPlatforms) = postSolution
		{41B8713C-F80E-4F2F-BA61-A422DB5A536C}.Development|Default.ActiveCfg = Development
		{41B8713C-F80E-4F2F-BA61-A422DB5A536C}.Development|Default.Build.0 = Development
	EndGlobalSection
	GlobalSection(SolutionProperties) = preSolution
		HideSolutionNode = FALSE
	EndGlobalSection
	GlobalSection(ExtensibilityGlobals) = postSolution
		SolutionGuid = {8F06A9E7-CC6A-4264-AF6B-11FCC4F258C5}
	EndGlobalSection
EndGlobal
