
Microsoft Visual Studio Solution File, Format Version 12.00
# Visual Studio 15
VisualStudioVersion = 15.0.28307.329
MinimumVisualStudioVersion = 10.0.40219.1
Project("{159641D6-6404-4A2A-AE62-294DE0FE8301}") = "Personal Trainer SSIS Project", "Personal Trainer SSIS Project\Personal Trainer SSIS Project.dtproj", "{C4005ECA-EAB4-4EC2-82C7-2A88FC88FCB8}"
EndProject
Global
	GlobalSection(SolutionConfigurationPlatforms) = preSolution
		Development|Default = Development|Default
	EndGlobalSection
	GlobalSection(ProjectConfigurationPlatforms) = postSolution
		{C4005ECA-EAB4-4EC2-82C7-2A88FC88FCB8}.Development|Default.ActiveCfg = Development
		{C4005ECA-EAB4-4EC2-82C7-2A88FC88FCB8}.Development|Default.Build.0 = Development
	EndGlobalSection
	GlobalSection(SolutionProperties) = preSolution
		HideSolutionNode = FALSE
	EndGlobalSection
	GlobalSection(ExtensibilityGlobals) = postSolution
		SolutionGuid = {2312C1FA-C7F3-495E-A354-4C4FF16FE2C7}
	EndGlobalSection
EndGlobal
